
Microsoft Visual Studio Solution File, Format Version 12.00
# Visual Studio Version 17
VisualStudioVersion = 17.7.34024.191
MinimumVisualStudioVersion = 10.0.40219.1
Project("{FAE04EC0-301F-11D3-BF4B-00C04F79EFBC}") = "App1.Android", "App1\App1.Android\App1.Android.csproj", "{170E42A3-286D-4996-B131-749F11EBDE1B}"
EndProject
Project("{FAE04EC0-301F-11D3-BF4B-00C04F79EFBC}") = "App1.iOS", "App1\App1.iOS\App1.iOS.csproj", "{C729281F-71A0-447F-AC68-A45D272E1DA4}"
EndProject
Project("{FAE04EC0-301F-11D3-BF4B-00C04F79EFBC}") = "App1", "App1\App1\App1.csproj", "{3ED265BC-D168-4183-81B5-F76BC90925B2}"
EndProject
Global
	GlobalSection(SolutionConfigurationPlatforms) = preSolution
		Debug|Any CPU = Debug|Any CPU
		Debug|iPhone = Debug|iPhone
		Debug|iPhoneSimulator = Debug|iPhoneSimulator
		Release|Any CPU = Release|Any CPU
		Release|iPhone = Release|iPhone
		Release|iPhoneSimulator = Release|iPhoneSimulator
	EndGlobalSection
	GlobalSection(ProjectConfigurationPlatforms) = postSolution
		{170E42A3-286D-4996-B131-749F11EBDE1B}.Debug|Any CPU.ActiveCfg = Debug|Any CPU
		{170E42A3-286D-4996-B131-749F11EBDE1B}.Debug|Any CPU.Build.0 = Debug|Any CPU
		{170E42A3-286D-4996-B131-749F11EBDE1B}.Debug|Any CPU.Deploy.0 = Debug|Any CPU
		{170E42A3-286D-4996-B131-749F11EBDE1B}.Debug|iPhone.ActiveCfg = Debug|Any CPU
		{170E42A3-286D-4996-B131-749F11EBDE1B}.Debug|iPhone.Build.0 = Debug|Any CPU
		{170E42A3-286D-4996-B131-749F11EBDE1B}.Debug|iPhone.Deploy.0 = Debug|Any CPU
		{170E42A3-286D-4996-B131-749F11EBDE1B}.Debug|iPhoneSimulator.ActiveCfg = Debug|Any CPU
		{170E42A3-286D-4996-B131-749F11EBDE1B}.Debug|iPhoneSimulator.Build.0 = Debug|Any CPU
		{170E42A3-286D-4996-B131-749F11EBDE1B}.Debug|iPhoneSimulator.Deploy.0 = Debug|Any CPU
		{170E42A3-286D-4996-B131-749F11EBDE1B}.Release|Any CPU.ActiveCfg = Release|Any CPU
		{170E42A3-286D-4996-B131-749F11EBDE1B}.Release|Any CPU.Build.0 = Release|Any CPU
		{170E42A3-286D-4996-B131-749F11EBDE1B}.Release|Any CPU.Deploy.0 = Release|Any CPU
		{170E42A3-286D-4996-B131-749F11EBDE1B}.Release|iPhone.ActiveCfg = Release|Any CPU
		{170E42A3-286D-4996-B131-749F11EBDE1B}.Release|iPhone.Build.0 = Release|Any CPU
		{170E42A3-286D-4996-B131-749F11EBDE1B}.Release|iPhone.Deploy.0 = Release|Any CPU
		{170E42A3-286D-4996-B131-749F11EBDE1B}.Release|iPhoneSimulator.ActiveCfg = Release|Any CPU
		{170E42A3-286D-4996-B131-749F11EBDE1B}.Release|iPhoneSimulator.Build.0 = Release|Any CPU
		{170E42A3-286D-4996-B131-749F11EBDE1B}.Release|iPhoneSimulator.Deploy.0 = Release|Any CPU
		{C729281F-71A0-447F-AC68-A45D272E1DA4}.Debug|Any CPU.ActiveCfg = Debug|iPhone
		{C729281F-71A0-447F-AC68-A45D272E1DA4}.Debug|Any CPU.Build.0 = Debug|iPhone
		{C729281F-71A0-447F-AC68-A45D272E1DA4}.Debug|Any CPU.Deploy.0 = Debug|iPhone
		{C729281F-71A0-447F-AC68-A45D272E1DA4}.Debug|iPhone.ActiveCfg = Debug|iPhone
		{C729281F-71A0-447F-AC68-A45D272E1DA4}.Debug|iPhone.Build.0 = Debug|iPhone
		{C729281F-71A0-447F-AC68-A45D272E1DA4}.Debug|iPhone.Deploy.0 = Debug|iPhone
		{C729281F-71A0-447F-AC68-A45D272E1DA4}.Debug|iPhoneSimulator.ActiveCfg = Debug|iPhoneSimulator
		{C729281F-71A0-447F-AC68-A45D272E1DA4}.Debug|iPhoneSimulator.Build.0 = Debug|iPhoneSimulator
		{C729281F-71A0-447F-AC68-A45D272E1DA4}.Debug|iPhoneSimulator.Deploy.0 = Debug|iPhoneSimulator
		{C729281F-71A0-447F-AC68-A45D272E1DA4}.Release|Any CPU.ActiveCfg = Release|iPhoneSimulator
		{C729281F-71A0-447F-AC68-A45D272E1DA4}.Release|Any CPU.Build.0 = Release|iPhoneSimulator
		{C729281F-71A0-447F-AC68-A45D272E1DA4}.Release|Any CPU.Deploy.0 = Release|iPhoneSimulator
		{C729281F-71A0-447F-AC68-A45D272E1DA4}.Release|iPhone.ActiveCfg = Release|iPhone
		{C729281F-71A0-447F-AC68-A45D272E1DA4}.Release|iPhone.Build.0 = Release|iPhone
		{C729281F-71A0-447F-AC68-A45D272E1DA4}.Release|iPhone.Deploy.0 = Release|iPhone
		{C729281F-71A0-447F-AC68-A45D272E1DA4}.Release|iPhoneSimulator.ActiveCfg = Release|iPhoneSimulator
		{C729281F-71A0-447F-AC68-A45D272E1DA4}.Release|iPhoneSimulator.Build.0 = Release|iPhoneSimulator
		{C729281F-71A0-447F-AC68-A45D272E1DA4}.Release|iPhoneSimulator.Deploy.0 = Release|iPhoneSimulator
		{3ED265BC-D168-4183-81B5-F76BC90925B2}.Debug|Any CPU.ActiveCfg = Debug|Any CPU
		{3ED265BC-D168-4183-81B5-F76BC90925B2}.Debug|Any CPU.Build.0 = Debug|Any CPU
		{3ED265BC-D168-4183-81B5-F76BC90925B2}.Debug|Any CPU.Deploy.0 = Debug|Any CPU
		{3ED265BC-D168-4183-81B5-F76BC90925B2}.Debug|iPhone.ActiveCfg = Debug|Any CPU
		{3ED265BC-D168-4183-81B5-F76BC90925B2}.Debug|iPhone.Build.0 = Debug|Any CPU
		{3ED265BC-D168-4183-81B5-F76BC90925B2}.Debug|iPhone.Deploy.0 = Debug|Any CPU
		{3ED265BC-D168-4183-81B5-F76BC90925B2}.Debug|iPhoneSimulator.ActiveCfg = Debug|Any CPU
		{3ED265BC-D168-4183-81B5-F76BC90925B2}.Debug|iPhoneSimulator.Build.0 = Debug|Any CPU
		{3ED265BC-D168-4183-81B5-F76BC90925B2}.Debug|iPhoneSimulator.Deploy.0 = Debug|Any CPU
		{3ED265BC-D168-4183-81B5-F76BC90925B2}.Release|Any CPU.ActiveCfg = Release|Any CPU
		{3ED265BC-D168-4183-81B5-F76BC90925B2}.Release|Any CPU.Build.0 = Release|Any CPU
		{3ED265BC-D168-4183-81B5-F76BC90925B2}.Release|Any CPU.Deploy.0 = Release|Any CPU
		{3ED265BC-D168-4183-81B5-F76BC90925B2}.Release|iPhone.ActiveCfg = Release|Any CPU
		{3ED265BC-D168-4183-81B5-F76BC90925B2}.Release|iPhone.Build.0 = Release|Any CPU
		{3ED265BC-D168-4183-81B5-F76BC90925B2}.Release|iPhone.Deploy.0 = Release|Any CPU
		{3ED265BC-D168-4183-81B5-F76BC90925B2}.Release|iPhoneSimulator.ActiveCfg = Release|Any CPU
		{3ED265BC-D168-4183-81B5-F76BC90925B2}.Release|iPhoneSimulator.Build.0 = Release|Any CPU
		{3ED265BC-D168-4183-81B5-F76BC90925B2}.Release|iPhoneSimulator.Deploy.0 = Release|Any CPU
	EndGlobalSection
	GlobalSection(SolutionProperties) = preSolution
		HideSolutionNode = FALSE
	EndGlobalSection
	GlobalSection(ExtensibilityGlobals) = postSolution
		SolutionGuid = {8CAD35CF-D1C4-404C-8DF9-0944A3F222E4}
	EndGlobalSection
EndGlobal
